
Microsoft Visual Studio Solution File, Format Version 12.00
# Visual Studio Version 16
VisualStudioVersion = 16.0.30517.126
MinimumVisualStudioVersion = 10.0.40219.1
Project("{FAE04EC0-301F-11D3-BF4B-00C04F79EFBC}") = "Cadeteria", "Cadeteria.csproj", "{2D887D0B-08BF-4A8E-9727-2F2EC1FF2091}"
EndProject
Global
	GlobalSection(SolutionConfigurationPlatforms) = preSolution
		Debug|Any CPU = Debug|Any CPU
		Release|Any CPU = Release|Any CPU
	EndGlobalSection
	GlobalSection(ProjectConfigurationPlatforms) = postSolution
		{2D887D0B-08BF-4A8E-9727-2F2EC1FF2091}.Debug|Any CPU.ActiveCfg = Debug|Any CPU
		{2D887D0B-08BF-4A8E-9727-2F2EC1FF2091}.Debug|Any CPU.Build.0 = Debug|Any CPU
		{2D887D0B-08BF-4A8E-9727-2F2EC1FF2091}.Release|Any CPU.ActiveCfg = Release|Any CPU
		{2D887D0B-08BF-4A8E-9727-2F2EC1FF2091}.Release|Any CPU.Build.0 = Release|Any CPU
	EndGlobalSection
	GlobalSection(SolutionProperties) = preSolution
		HideSolutionNode = FALSE
	EndGlobalSection
	GlobalSection(ExtensibilityGlobals) = postSolution
		SolutionGuid = {A40D0B7A-F47E-47E9-90E7-774983376541}
	EndGlobalSection
EndGlobal
